// !$*UTF8*$!
{
	archiveVersion = 1;
	classes = {
	};
	objectVersion = 50;
	objects = {

/* Begin PBXBuildFile section */
		53A790852392A17500E29426 /* main.cpp in Sources */ = {isa = PBXBuildFile; fileRef = 53A790842392A17500E29426 /* main.cpp */; settings = {COMPILER_FLAGS = "-o Dependent"; }; };
		53A790922392AE1500E29426 /* Ural.hpp in Headers */ = {isa = PBXBuildFile; fileRef = 53A790912392AE1500E29426 /* Ural.hpp */; };
		53A790942392AE1500E29426 /* UralPriv.hpp in Headers */ = {isa = PBXBuildFile; fileRef = 53A790932392AE1500E29426 /* UralPriv.hpp */; };
		53A790962392AE1500E29426 /* Ural.cpp in Sources */ = {isa = PBXBuildFile; fileRef = 53A790952392AE1500E29426 /* Ural.cpp */; };
		53A790A12392AFF300E29426 /* UralStatic.hpp in Headers */ = {isa = PBXBuildFile; fileRef = 53A790A02392AFF300E29426 /* UralStatic.hpp */; };
		53A790A32392AFF300E29426 /* UralStaticPriv.hpp in Headers */ = {isa = PBXBuildFile; fileRef = 53A790A22392AFF300E29426 /* UralStaticPriv.hpp */; };
		53A790A52392AFF300E29426 /* UralStatic.cpp in Sources */ = {isa = PBXBuildFile; fileRef = 53A790A42392AFF300E29426 /* UralStatic.cpp */; };
/* End PBXBuildFile section */

/* Begin PBXCopyFilesBuildPhase section */
		53A7907F2392A17500E29426 /* CopyFiles */ = {
			isa = PBXCopyFilesBuildPhase;
			buildActionMask = 2147483647;
			dstPath = /usr/share/man/man1/;
			dstSubfolderSpec = 0;
			files = (
			);
			runOnlyForDeploymentPostprocessing = 1;
		};
/* End PBXCopyFilesBuildPhase section */

/* Begin PBXFileReference section */
		53A790812392A17500E29426 /* UralEngine */ = {isa = PBXFileReference; explicitFileType = "compiled.mach-o.executable"; includeInIndex = 0; path = UralEngine; sourceTree = BUILT_PRODUCTS_DIR; };
		53A790842392A17500E29426 /* main.cpp */ = {isa = PBXFileReference; lastKnownFileType = sourcecode.cpp.cpp; path = main.cpp; sourceTree = "<group>"; };
		53A7908F2392AE1500E29426 /* libUralDynamic.dylib */ = {isa = PBXFileReference; explicitFileType = "compiled.mach-o.dylib"; includeInIndex = 0; path = libUralDynamic.dylib; sourceTree = BUILT_PRODUCTS_DIR; };
		53A790912392AE1500E29426 /* Ural.hpp */ = {isa = PBXFileReference; lastKnownFileType = sourcecode.cpp.h; path = Ural.hpp; sourceTree = "<group>"; };
		53A790932392AE1500E29426 /* UralPriv.hpp */ = {isa = PBXFileReference; lastKnownFileType = sourcecode.cpp.h; path = UralPriv.hpp; sourceTree = "<group>"; };
		53A790952392AE1500E29426 /* Ural.cpp */ = {isa = PBXFileReference; lastKnownFileType = sourcecode.cpp.cpp; path = Ural.cpp; sourceTree = "<group>"; };
		53A7909E2392AFF300E29426 /* libUralStatic.a */ = {isa = PBXFileReference; explicitFileType = archive.ar; includeInIndex = 0; path = libUralStatic.a; sourceTree = BUILT_PRODUCTS_DIR; };
		53A790A02392AFF300E29426 /* UralStatic.hpp */ = {isa = PBXFileReference; lastKnownFileType = sourcecode.cpp.h; path = UralStatic.hpp; sourceTree = "<group>"; };
		53A790A22392AFF300E29426 /* UralStaticPriv.hpp */ = {isa = PBXFileReference; lastKnownFileType = sourcecode.cpp.h; path = UralStaticPriv.hpp; sourceTree = "<group>"; };
		53A790A42392AFF300E29426 /* UralStatic.cpp */ = {isa = PBXFileReference; lastKnownFileType = sourcecode.cpp.cpp; path = UralStatic.cpp; sourceTree = "<group>"; };
/* End PBXFileReference section */

/* Begin PBXFrameworksBuildPhase section */
		53A7907E2392A17500E29426 /* Frameworks */ = {
			isa = PBXFrameworksBuildPhase;
			buildActionMask = 2147483647;
			files = (
			);
			runOnlyForDeploymentPostprocessing = 0;
		};
		53A7908D2392AE1500E29426 /* Frameworks */ = {
			isa = PBXFrameworksBuildPhase;
			buildActionMask = 2147483647;
			files = (
			);
			runOnlyForDeploymentPostprocessing = 0;
		};
		53A7909C2392AFF300E29426 /* Frameworks */ = {
			isa = PBXFrameworksBuildPhase;
			buildActionMask = 2147483647;
			files = (
			);
			runOnlyForDeploymentPostprocessing = 0;
		};
/* End PBXFrameworksBuildPhase section */

/* Begin PBXGroup section */
		53A790782392A17500E29426 = {
			isa = PBXGroup;
			children = (
				53A790832392A17500E29426 /* UralEngine */,
				53A790902392AE1500E29426 /* UralDynamic */,
				53A7909F2392AFF300E29426 /* UralStatic */,
				53A790822392A17500E29426 /* Products */,
			);
			sourceTree = "<group>";
		};
		53A790822392A17500E29426 /* Products */ = {
			isa = PBXGroup;
			children = (
				53A790812392A17500E29426 /* UralEngine */,
				53A7908F2392AE1500E29426 /* libUralDynamic.dylib */,
				53A7909E2392AFF300E29426 /* libUralStatic.a */,
			);
			name = Products;
			sourceTree = "<group>";
		};
		53A790832392A17500E29426 /* UralEngine */ = {
			isa = PBXGroup;
			children = (
				53A790842392A17500E29426 /* main.cpp */,
			);
			path = UralEngine;
			sourceTree = "<group>";
		};
		53A790902392AE1500E29426 /* UralDynamic */ = {
			isa = PBXGroup;
			children = (
				53A790912392AE1500E29426 /* Ural.hpp */,
				53A790932392AE1500E29426 /* UralPriv.hpp */,
				53A790952392AE1500E29426 /* Ural.cpp */,
			);
			path = UralDynamic;
			sourceTree = "<group>";
		};
		53A7909F2392AFF300E29426 /* UralStatic */ = {
			isa = PBXGroup;
			children = (
				53A790A02392AFF300E29426 /* UralStatic.hpp */,
				53A790A22392AFF300E29426 /* UralStaticPriv.hpp */,
				53A790A42392AFF300E29426 /* UralStatic.cpp */,
			);
			path = UralStatic;
			sourceTree = "<group>";
		};
/* End PBXGroup section */

/* Begin PBXHeadersBuildPhase section */
		53A7908B2392AE1500E29426 /* Headers */ = {
			isa = PBXHeadersBuildPhase;
			buildActionMask = 2147483647;
			files = (
				53A790922392AE1500E29426 /* Ural.hpp in Headers */,
				53A790942392AE1500E29426 /* UralPriv.hpp in Headers */,
			);
			runOnlyForDeploymentPostprocessing = 0;
		};
		53A7909A2392AFF300E29426 /* Headers */ = {
			isa = PBXHeadersBuildPhase;
			buildActionMask = 2147483647;
			files = (
				53A790A12392AFF300E29426 /* UralStatic.hpp in Headers */,
				53A790A32392AFF300E29426 /* UralStaticPriv.hpp in Headers */,
			);
			runOnlyForDeploymentPostprocessing = 0;
		};
/* End PBXHeadersBuildPhase section */

/* Begin PBXNativeTarget section */
		53A790802392A17500E29426 /* UralEngine */ = {
			isa = PBXNativeTarget;
			buildConfigurationList = 53A790882392A17500E29426 /* Build configuration list for PBXNativeTarget "UralEngine" */;
			buildPhases = (
				53A7907D2392A17500E29426 /* Sources */,
				53A7907E2392A17500E29426 /* Frameworks */,
				53A7907F2392A17500E29426 /* CopyFiles */,
			);
			buildRules = (
			);
			dependencies = (
			);
			name = UralEngine;
			productName = UralEngine;
			productReference = 53A790812392A17500E29426 /* UralEngine */;
			productType = "com.apple.product-type.tool";
		};
		53A7908E2392AE1500E29426 /* UralDynamic */ = {
			isa = PBXNativeTarget;
			buildConfigurationList = 53A790972392AE1500E29426 /* Build configuration list for PBXNativeTarget "UralDynamic" */;
			buildPhases = (
				53A7908B2392AE1500E29426 /* Headers */,
				53A7908C2392AE1500E29426 /* Sources */,
				53A7908D2392AE1500E29426 /* Frameworks */,
			);
			buildRules = (
			);
			dependencies = (
			);
			name = UralDynamic;
			productName = Ural;
			productReference = 53A7908F2392AE1500E29426 /* libUralDynamic.dylib */;
			productType = "com.apple.product-type.library.dynamic";
		};
		53A7909D2392AFF300E29426 /* UralStatic */ = {
			isa = PBXNativeTarget;
			buildConfigurationList = 53A790A62392AFF300E29426 /* Build configuration list for PBXNativeTarget "UralStatic" */;
			buildPhases = (
				53A7909A2392AFF300E29426 /* Headers */,
				53A7909B2392AFF300E29426 /* Sources */,
				53A7909C2392AFF300E29426 /* Frameworks */,
			);
			buildRules = (
			);
			dependencies = (
			);
			name = UralStatic;
			productName = UralStatic;
			productReference = 53A7909E2392AFF300E29426 /* libUralStatic.a */;
			productType = "com.apple.product-type.library.static";
		};
/* End PBXNativeTarget section */

/* Begin PBXProject section */
		53A790792392A17500E29426 /* Project object */ = {
			isa = PBXProject;
			attributes = {
				LastUpgradeCheck = 1120;
				ORGANIZATIONNAME = "Кирилл Мезрин";
				TargetAttributes = {
					53A790802392A17500E29426 = {
						CreatedOnToolsVersion = 11.2.1;
					};
					53A7908E2392AE1500E29426 = {
						CreatedOnToolsVersion = 11.2.1;
					};
					53A7909D2392AFF300E29426 = {
						CreatedOnToolsVersion = 11.2.1;
					};
				};
			};
			buildConfigurationList = 53A7907C2392A17500E29426 /* Build configuration list for PBXProject "UralEngine" */;
			compatibilityVersion = "Xcode 9.3";
			developmentRegion = en;
			hasScannedForEncodings = 0;
			knownRegions = (
				en,
				Base,
			);
			mainGroup = 53A790782392A17500E29426;
			productRefGroup = 53A790822392A17500E29426 /* Products */;
			projectDirPath = "";
			projectRoot = "";
			targets = (
				53A790802392A17500E29426 /* UralEngine */,
				53A7908E2392AE1500E29426 /* UralDynamic */,
				53A7909D2392AFF300E29426 /* UralStatic */,
			);
		};
/* End PBXProject section */

/* Begin PBXSourcesBuildPhase section */
		53A7907D2392A17500E29426 /* Sources */ = {
			isa = PBXSourcesBuildPhase;
			buildActionMask = 2147483647;
			files = (
				53A790852392A17500E29426 /* main.cpp in Sources */,
			);
			runOnlyForDeploymentPostprocessing = 0;
		};
		53A7908C2392AE1500E29426 /* Sources */ = {
			isa = PBXSourcesBuildPhase;
			buildActionMask = 2147483647;
			files = (
				53A790962392AE1500E29426 /* Ural.cpp in Sources */,
			);
			runOnlyForDeploymentPostprocessing = 0;
		};
		53A7909B2392AFF300E29426 /* Sources */ = {
			isa = PBXSourcesBuildPhase;
			buildActionMask = 2147483647;
			files = (
				53A790A52392AFF300E29426 /* UralStatic.cpp in Sources */,
			);
			runOnlyForDeploymentPostprocessing = 0;
		};
/* End PBXSourcesBuildPhase section */

/* Begin XCBuildConfiguration section */
		53A790862392A17500E29426 /* Debug */ = {
			isa = XCBuildConfiguration;
			buildSettings = {
				ALWAYS_SEARCH_USER_PATHS = NO;
				CLANG_ANALYZER_NONNULL = YES;
				CLANG_ANALYZER_NUMBER_OBJECT_CONVERSION = YES_AGGRESSIVE;
				CLANG_CXX_LANGUAGE_STANDARD = "c++17";
				CLANG_CXX_LIBRARY = "libc++";
				CLANG_ENABLE_MODULES = YES;
				CLANG_ENABLE_OBJC_ARC = YES;
				CLANG_ENABLE_OBJC_WEAK = YES;
				CLANG_WARN_BLOCK_CAPTURE_AUTORELEASING = YES;
				CLANG_WARN_BOOL_CONVERSION = YES;
				CLANG_WARN_COMMA = YES;
				CLANG_WARN_CONSTANT_CONVERSION = YES;
				CLANG_WARN_DEPRECATED_OBJC_IMPLEMENTATIONS = YES;
				CLANG_WARN_DIRECT_OBJC_ISA_USAGE = YES_ERROR;
				CLANG_WARN_DOCUMENTATION_COMMENTS = YES;
				CLANG_WARN_EMPTY_BODY = YES;
				CLANG_WARN_ENUM_CONVERSION = YES;
				CLANG_WARN_INFINITE_RECURSION = YES;
				CLANG_WARN_INT_CONVERSION = YES;
				CLANG_WARN_NON_LITERAL_NULL_CONVERSION = YES;
				CLANG_WARN_OBJC_IMPLICIT_RETAIN_SELF = YES;
				CLANG_WARN_OBJC_LITERAL_CONVERSION = YES;
				CLANG_WARN_OBJC_ROOT_CLASS = YES_ERROR;
				CLANG_WARN_RANGE_LOOP_ANALYSIS = YES;
				CLANG_WARN_STRICT_PROTOTYPES = YES;
				CLANG_WARN_SUSPICIOUS_MOVE = YES;
				CLANG_WARN_UNGUARDED_AVAILABILITY = YES_AGGRESSIVE;
				CLANG_WARN_UNREACHABLE_CODE = YES;
				CLANG_WARN__DUPLICATE_METHOD_MATCH = YES;
				COPY_PHASE_STRIP = NO;
				DEBUG_INFORMATION_FORMAT = dwarf;
				ENABLE_STRICT_OBJC_MSGSEND = YES;
				ENABLE_TESTABILITY = YES;
				GCC_C_LANGUAGE_STANDARD = c11;
				GCC_DYNAMIC_NO_PIC = NO;
				GCC_NO_COMMON_BLOCKS = YES;
				GCC_OPTIMIZATION_LEVEL = 0;
				GCC_PREPROCESSOR_DEFINITIONS = (
					"DEBUG=1",
					"$(inherited)",
				);
				GCC_WARN_64_TO_32_BIT_CONVERSION = YES;
				GCC_WARN_ABOUT_RETURN_TYPE = YES_ERROR;
				GCC_WARN_UNDECLARED_SELECTOR = YES;
				GCC_WARN_UNINITIALIZED_AUTOS = YES_AGGRESSIVE;
				GCC_WARN_UNUSED_FUNCTION = YES;
				GCC_WARN_UNUSED_VARIABLE = YES;
				MACOSX_DEPLOYMENT_TARGET = 10.14;
				MTL_ENABLE_DEBUG_INFO = INCLUDE_SOURCE;
				MTL_FAST_MATH = YES;
				ONLY_ACTIVE_ARCH = YES;
				SDKROOT = macosx;
				SYMROOT = build;
				VALID_ARCHS = x86_64;
			};
			name = Debug;
		};
		53A790872392A17500E29426 /* Release */ = {
			isa = XCBuildConfiguration;
			buildSettings = {
				ALWAYS_SEARCH_USER_PATHS = NO;
				CLANG_ANALYZER_NONNULL = YES;
				CLANG_ANALYZER_NUMBER_OBJECT_CONVERSION = YES_AGGRESSIVE;
				CLANG_CXX_LANGUAGE_STANDARD = "c++17";
				CLANG_CXX_LIBRARY = "libc++";
				CLANG_ENABLE_MODULES = YES;
				CLANG_ENABLE_OBJC_ARC = YES;
				CLANG_ENABLE_OBJC_WEAK = YES;
				CLANG_WARN_BLOCK_CAPTURE_AUTORELEASING = YES;
				CLANG_WARN_BOOL_CONVERSION = YES;
				CLANG_WARN_COMMA = YES;
				CLANG_WARN_CONSTANT_CONVERSION = YES;
				CLANG_WARN_DEPRECATED_OBJC_IMPLEMENTATIONS = YES;
				CLANG_WARN_DIRECT_OBJC_ISA_USAGE = YES_ERROR;
				CLANG_WARN_DOCUMENTATION_COMMENTS = YES;
				CLANG_WARN_EMPTY_BODY = YES;
				CLANG_WARN_ENUM_CONVERSION = YES;
				CLANG_WARN_INFINITE_RECURSION = YES;
				CLANG_WARN_INT_CONVERSION = YES;
				CLANG_WARN_NON_LITERAL_NULL_CONVERSION = YES;
				CLANG_WARN_OBJC_IMPLICIT_RETAIN_SELF = YES;
				CLANG_WARN_OBJC_LITERAL_CONVERSION = YES;
				CLANG_WARN_OBJC_ROOT_CLASS = YES_ERROR;
				CLANG_WARN_RANGE_LOOP_ANALYSIS = YES;
				CLANG_WARN_STRICT_PROTOTYPES = YES;
				CLANG_WARN_SUSPICIOUS_MOVE = YES;
				CLANG_WARN_UNGUARDED_AVAILABILITY = YES_AGGRESSIVE;
				CLANG_WARN_UNREACHABLE_CODE = YES;
				CLANG_WARN__DUPLICATE_METHOD_MATCH = YES;
				COPY_PHASE_STRIP = NO;
				DEBUG_INFORMATION_FORMAT = "dwarf-with-dsym";
				ENABLE_NS_ASSERTIONS = NO;
				ENABLE_STRICT_OBJC_MSGSEND = YES;
				GCC_C_LANGUAGE_STANDARD = c11;
				GCC_NO_COMMON_BLOCKS = YES;
				GCC_WARN_64_TO_32_BIT_CONVERSION = YES;
				GCC_WARN_ABOUT_RETURN_TYPE = YES_ERROR;
				GCC_WARN_UNDECLARED_SELECTOR = YES;
				GCC_WARN_UNINITIALIZED_AUTOS = YES_AGGRESSIVE;
				GCC_WARN_UNUSED_FUNCTION = YES;
				GCC_WARN_UNUSED_VARIABLE = YES;
				MACOSX_DEPLOYMENT_TARGET = 10.14;
				MTL_ENABLE_DEBUG_INFO = NO;
				MTL_FAST_MATH = YES;
				SDKROOT = macosx;
				SYMROOT = build;
				VALID_ARCHS = x86_64;
			};
			name = Release;
		};
		53A790892392A17500E29426 /* Debug */ = {
			isa = XCBuildConfiguration;
			buildSettings = {
				CODE_SIGN_STYLE = Automatic;
				DEVELOPMENT_TEAM = 5CDN7636Z2;
				ENABLE_HARDENED_RUNTIME = YES;
				PRODUCT_NAME = "$(TARGET_NAME)";
				SYMROOT = "$(SRCROOT)/builds/";
			};
			name = Debug;
		};
		53A7908A2392A17500E29426 /* Release */ = {
			isa = XCBuildConfiguration;
			buildSettings = {
				CODE_SIGN_STYLE = Automatic;
				DEVELOPMENT_TEAM = 5CDN7636Z2;
				ENABLE_HARDENED_RUNTIME = YES;
				PRODUCT_NAME = "$(TARGET_NAME)";
				SYMROOT = "$(SRCROOT)/builds/";
			};
			name = Release;
		};
		53A790982392AE1500E29426 /* Debug */ = {
			isa = XCBuildConfiguration;
			buildSettings = {
				CLANG_CXX_LANGUAGE_STANDARD = "gnu++14";
				CODE_SIGN_STYLE = Automatic;
				DEVELOPMENT_TEAM = 5CDN7636Z2;
				DYLIB_COMPATIBILITY_VERSION = 1;
				DYLIB_CURRENT_VERSION = 1;
				EXECUTABLE_PREFIX = lib;
				GCC_C_LANGUAGE_STANDARD = gnu11;
				GCC_ENABLE_CPP_EXCEPTIONS = YES;
				GCC_ENABLE_CPP_RTTI = YES;
				GCC_SYMBOLS_PRIVATE_EXTERN = YES;
				PRODUCT_NAME = "$(TARGET_NAME)";
				SKIP_INSTALL = YES;
			};
			name = Debug;
		};
		53A790992392AE1500E29426 /* Release */ = {
			isa = XCBuildConfiguration;
			buildSettings = {
				CLANG_CXX_LANGUAGE_STANDARD = "gnu++14";
				CODE_SIGN_STYLE = Automatic;
				DEVELOPMENT_TEAM = 5CDN7636Z2;
				DYLIB_COMPATIBILITY_VERSION = 1;
				DYLIB_CURRENT_VERSION = 1;
				EXECUTABLE_PREFIX = lib;
				GCC_C_LANGUAGE_STANDARD = gnu11;
				GCC_ENABLE_CPP_EXCEPTIONS = YES;
				GCC_ENABLE_CPP_RTTI = YES;
				GCC_SYMBOLS_PRIVATE_EXTERN = YES;
				PRODUCT_NAME = "$(TARGET_NAME)";
				SKIP_INSTALL = YES;
			};
			name = Release;
		};
		53A790A72392AFF300E29426 /* Debug */ = {
			isa = XCBuildConfiguration;
			buildSettings = {
				CLANG_CXX_LANGUAGE_STANDARD = "gnu++14";
				CODE_SIGN_STYLE = Automatic;
				DEVELOPMENT_TEAM = 5CDN7636Z2;
				EXECUTABLE_PREFIX = lib;
				GCC_C_LANGUAGE_STANDARD = gnu11;
				GCC_ENABLE_CPP_EXCEPTIONS = YES;
				GCC_ENABLE_CPP_RTTI = YES;
				PRODUCT_NAME = "$(TARGET_NAME)";
				SKIP_INSTALL = YES;
			};
			name = Debug;
		};
		53A790A82392AFF300E29426 /* Release */ = {
			isa = XCBuildConfiguration;
			buildSettings = {
				CLANG_CXX_LANGUAGE_STANDARD = "gnu++14";
				CODE_SIGN_STYLE = Automatic;
				DEVELOPMENT_TEAM = 5CDN7636Z2;
				EXECUTABLE_PREFIX = lib;
				GCC_C_LANGUAGE_STANDARD = gnu11;
				GCC_ENABLE_CPP_EXCEPTIONS = YES;
				GCC_ENABLE_CPP_RTTI = YES;
				PRODUCT_NAME = "$(TARGET_NAME)";
				SKIP_INSTALL = YES;
			};
			name = Release;
		};
/* End XCBuildConfiguration section */

/* Begin XCConfigurationList section */
		53A7907C2392A17500E29426 /* Build configuration list for PBXProject "UralEngine" */ = {
			isa = XCConfigurationList;
			buildConfigurations = (
				53A790862392A17500E29426 /* Debug */,
				53A790872392A17500E29426 /* Release */,
			);
			defaultConfigurationIsVisible = 0;
			defaultConfigurationName = Release;
		};
		53A790882392A17500E29426 /* Build configuration list for PBXNativeTarget "UralEngine" */ = {
			isa = XCConfigurationList;
			buildConfigurations = (
				53A790892392A17500E29426 /* Debug */,
				53A7908A2392A17500E29426 /* Release */,
			);
			defaultConfigurationIsVisible = 0;
			defaultConfigurationName = Release;
		};
		53A790972392AE1500E29426 /* Build configuration list for PBXNativeTarget "UralDynamic" */ = {
			isa = XCConfigurationList;
			buildConfigurations = (
				53A790982392AE1500E29426 /* Debug */,
				53A790992392AE1500E29426 /* Release */,
			);
			defaultConfigurationIsVisible = 0;
			defaultConfigurationName = Release;
		};
		53A790A62392AFF300E29426 /* Build configuration list for PBXNativeTarget "UralStatic" */ = {
			isa = XCConfigurationList;
			buildConfigurations = (
				53A790A72392AFF300E29426 /* Debug */,
				53A790A82392AFF300E29426 /* Release */,
			);
			defaultConfigurationIsVisible = 0;
			defaultConfigurationName = Release;
		};
/* End XCConfigurationList section */
	};
	rootObject = 53A790792392A17500E29426 /* Project object */;
}
