// !$*UTF8*$!
{
	archiveVersion = 1;
	classes = {
	};
	objectVersion = 50;
	objects = {

/* Begin PBXBuildFile section */
		530164ED239BF68D00821B62 /* libglfw3.a in Frameworks */ = {isa = PBXBuildFile; fileRef = 530164EC239BF63800821B62 /* libglfw3.a */; };
		530164FF239C290600821B62 /* MacWindow.h in Headers */ = {isa = PBXBuildFile; fileRef = 530164F7239C134E00821B62 /* MacWindow.h */; };
		53016505239C29F800821B62 /* OpenGL.framework in Frameworks */ = {isa = PBXBuildFile; fileRef = 53016504239C29F800821B62 /* OpenGL.framework */; };
		53016507239C29FF00821B62 /* Cocoa.framework in Frameworks */ = {isa = PBXBuildFile; fileRef = 53016506239C29FF00821B62 /* Cocoa.framework */; };
		53016509239C2A4F00821B62 /* IOKit.framework in Frameworks */ = {isa = PBXBuildFile; fileRef = 53016508239C2A4F00821B62 /* IOKit.framework */; };
		5301650B239C2A7200821B62 /* CoreVideo.framework in Frameworks */ = {isa = PBXBuildFile; fileRef = 5301650A239C2A7200821B62 /* CoreVideo.framework */; };
		53492C87239A9BD5009E1076 /* ApplicationEvent.h in Headers */ = {isa = PBXBuildFile; fileRef = 53492C86239A9BD5009E1076 /* ApplicationEvent.h */; settings = {ATTRIBUTES = (Private, ); }; };
		53492C89239A9BE7009E1076 /* Event.h in Headers */ = {isa = PBXBuildFile; fileRef = 53492C88239A9BE7009E1076 /* Event.h */; settings = {ATTRIBUTES = (Private, ); }; };
		53492C8B239A9BFC009E1076 /* KeyEvent.h in Headers */ = {isa = PBXBuildFile; fileRef = 53492C8A239A9BFC009E1076 /* KeyEvent.h */; settings = {ATTRIBUTES = (Private, ); }; };
		53492C8D239A9C12009E1076 /* MouseEvent.h in Headers */ = {isa = PBXBuildFile; fileRef = 53492C8C239A9C12009E1076 /* MouseEvent.h */; settings = {ATTRIBUTES = (Private, ); }; };
		5353FC0724450DAA005B88A6 /* Layer.h in Headers */ = {isa = PBXBuildFile; fileRef = 53D79654240066B400D752C7 /* Layer.h */; };
		5353FC0924450DAA005B88A6 /* Core.h in Headers */ = {isa = PBXBuildFile; fileRef = 537F12AF2393030400369F57 /* Core.h */; settings = {ATTRIBUTES = (Private, ); }; };
		5353FC0A24450DAA005B88A6 /* test.h in Headers */ = {isa = PBXBuildFile; fileRef = 53F704F7241D615700608BAA /* test.h */; };
		5353FC0C24450DAA005B88A6 /* ulpch.pch in Headers */ = {isa = PBXBuildFile; fileRef = 5312F9D4239B0E8C007B2CFC /* ulpch.pch */; settings = {ATTRIBUTES = (Private, ); }; };
		5353FC0F24450DAA005B88A6 /* LayerStack.h in Headers */ = {isa = PBXBuildFile; fileRef = 53D79650240066A800D752C7 /* LayerStack.h */; };
		5353FC1324450DAA005B88A6 /* Log.h in Headers */ = {isa = PBXBuildFile; fileRef = 53722371239800D600312C05 /* Log.h */; settings = {ATTRIBUTES = (Private, ); }; };
		5353FC1624450DAA005B88A6 /* stb_image.h in Headers */ = {isa = PBXBuildFile; fileRef = 53F704EF241D5F4B00608BAA /* stb_image.h */; };
		5353FC1C24450DAA005B88A6 /* Log.cpp in Sources */ = {isa = PBXBuildFile; fileRef = 53722370239800D600312C05 /* Log.cpp */; };
		5353FC1F24450DAA005B88A6 /* test.cpp in Sources */ = {isa = PBXBuildFile; fileRef = 53F704F8241D615700608BAA /* test.cpp */; };
		5353FC2124450DAA005B88A6 /* LayerStack.cpp in Sources */ = {isa = PBXBuildFile; fileRef = 53D7964F240066A800D752C7 /* LayerStack.cpp */; };
		5353FC2324450DAA005B88A6 /* stb_image.cpp in Sources */ = {isa = PBXBuildFile; fileRef = 53F704F0241D5F4B00608BAA /* stb_image.cpp */; };
		5353FC2524450DAA005B88A6 /* Layer.cpp in Sources */ = {isa = PBXBuildFile; fileRef = 53D79653240066B400D752C7 /* Layer.cpp */; };
		5353FC3224450E0B005B88A6 /* OpenGLES.framework in Frameworks */ = {isa = PBXBuildFile; fileRef = 53EDC1CC2444F852009E8291 /* OpenGLES.framework */; };
		5353FC3724450F30005B88A6 /* MobileInput.h in Headers */ = {isa = PBXBuildFile; fileRef = 53EDC1C92444F76A009E8291 /* MobileInput.h */; };
		5360CEC623FD1E7400D2F5DB /* Window.h in Headers */ = {isa = PBXBuildFile; fileRef = 530164F1239BF91A00821B62 /* Window.h */; };
		536E7862239B145A00AD166E /* ulpch.pch in Headers */ = {isa = PBXBuildFile; fileRef = 5312F9D4239B0E8C007B2CFC /* ulpch.pch */; settings = {ATTRIBUTES = (Private, ); }; };
		536F48A92445A885008DCDEB /* Event.h in Headers */ = {isa = PBXBuildFile; fileRef = 53492C88239A9BE7009E1076 /* Event.h */; };
		536F48AD2445AADD008DCDEB /* DesktopEvent.h in Headers */ = {isa = PBXBuildFile; fileRef = 536F48AC2445AADD008DCDEB /* DesktopEvent.h */; };
		536F48AE2445ABF7008DCDEB /* MobileEvent.h in Headers */ = {isa = PBXBuildFile; fileRef = 536F48A82445A7ED008DCDEB /* MobileEvent.h */; };
		536F48B52445B00C008DCDEB /* DesktopApplication.cpp in Sources */ = {isa = PBXBuildFile; fileRef = 536F48B32445B00C008DCDEB /* DesktopApplication.cpp */; };
		536F48B62445B00C008DCDEB /* DesktopApplication.h in Headers */ = {isa = PBXBuildFile; fileRef = 536F48B42445B00C008DCDEB /* DesktopApplication.h */; };
		536F48B92445B0B6008DCDEB /* MobileApplication.cpp in Sources */ = {isa = PBXBuildFile; fileRef = 536F48B72445B0B6008DCDEB /* MobileApplication.cpp */; };
		536F48BA2445B0B6008DCDEB /* MobileApplication.h in Headers */ = {isa = PBXBuildFile; fileRef = 536F48B82445B0B6008DCDEB /* MobileApplication.h */; };
		536F48BB2445B148008DCDEB /* Application.h in Headers */ = {isa = PBXBuildFile; fileRef = 537F12AC2393015F00369F57 /* Application.h */; };
		536F48C12445B6D3008DCDEB /* Surface.h in Headers */ = {isa = PBXBuildFile; fileRef = 536F48C02445B6D3008DCDEB /* Surface.h */; };
		536F48C72445C7F7008DCDEB /* RenderSpace.h in Headers */ = {isa = PBXBuildFile; fileRef = 536F48BD2445B6BE008DCDEB /* RenderSpace.h */; };
		536F48C82445C880008DCDEB /* RenderSpace.h in Headers */ = {isa = PBXBuildFile; fileRef = 536F48BD2445B6BE008DCDEB /* RenderSpace.h */; };
		536F48CB2445CB89008DCDEB /* IOSSurface.cpp in Sources */ = {isa = PBXBuildFile; fileRef = 536F48C92445CB89008DCDEB /* IOSSurface.cpp */; };
		536F48CC2445CB89008DCDEB /* IOSSurface.h in Headers */ = {isa = PBXBuildFile; fileRef = 536F48CA2445CB89008DCDEB /* IOSSurface.h */; };
		536F48CF2445CE5E008DCDEB /* IOSInput.cpp in Sources */ = {isa = PBXBuildFile; fileRef = 536F48CD2445CE5E008DCDEB /* IOSInput.cpp */; };
		536F48D02445CE5E008DCDEB /* IOSInput.h in Headers */ = {isa = PBXBuildFile; fileRef = 536F48CE2445CE5E008DCDEB /* IOSInput.h */; };
		53722372239800D600312C05 /* Log.cpp in Sources */ = {isa = PBXBuildFile; fileRef = 53722370239800D600312C05 /* Log.cpp */; };
		53722373239800D600312C05 /* Log.h in Headers */ = {isa = PBXBuildFile; fileRef = 53722371239800D600312C05 /* Log.h */; settings = {ATTRIBUTES = (Private, ); }; };
		537F12AE2393015F00369F57 /* Application.h in Headers */ = {isa = PBXBuildFile; fileRef = 537F12AC2393015F00369F57 /* Application.h */; settings = {ATTRIBUTES = (Private, ); }; };
		537F12B02393030400369F57 /* Core.h in Headers */ = {isa = PBXBuildFile; fileRef = 537F12AF2393030400369F57 /* Core.h */; settings = {ATTRIBUTES = (Private, ); }; };
		53D79651240066A800D752C7 /* LayerStack.cpp in Sources */ = {isa = PBXBuildFile; fileRef = 53D7964F240066A800D752C7 /* LayerStack.cpp */; };
		53D79652240066A800D752C7 /* LayerStack.h in Headers */ = {isa = PBXBuildFile; fileRef = 53D79650240066A800D752C7 /* LayerStack.h */; };
		53D79655240066B400D752C7 /* Layer.cpp in Sources */ = {isa = PBXBuildFile; fileRef = 53D79653240066B400D752C7 /* Layer.cpp */; };
		53D79656240066B400D752C7 /* Layer.h in Headers */ = {isa = PBXBuildFile; fileRef = 53D79654240066B400D752C7 /* Layer.h */; };
		53EDC1D22444F981009E8291 /* MacWindow.cpp in Sources */ = {isa = PBXBuildFile; fileRef = 530164F6239C134E00821B62 /* MacWindow.cpp */; };
		53F6E9FE240148DC00EF58AA /* libimgui.a in Frameworks */ = {isa = PBXBuildFile; fileRef = 53F6E9FD240148DC00EF58AA /* libimgui.a */; };
		53F6EA022401497800EF58AA /* ImGuiLayer.cpp in Sources */ = {isa = PBXBuildFile; fileRef = 53F6EA002401497800EF58AA /* ImGuiLayer.cpp */; };
		53F6EA032401497800EF58AA /* ImGuiLayer.h in Headers */ = {isa = PBXBuildFile; fileRef = 53F6EA012401497800EF58AA /* ImGuiLayer.h */; };
		53F6EA0724014EC600EF58AA /* ImGuiOpenGLRenderer.cpp in Sources */ = {isa = PBXBuildFile; fileRef = 53F6EA0524014EC600EF58AA /* ImGuiOpenGLRenderer.cpp */; };
		53F6EA0824014EC600EF58AA /* ImGuiOpenGLRenderer.h in Headers */ = {isa = PBXBuildFile; fileRef = 53F6EA0624014EC600EF58AA /* ImGuiOpenGLRenderer.h */; };
		53F6EA0A2401627C00EF58AA /* libGLAD.a in Frameworks */ = {isa = PBXBuildFile; fileRef = 53F6EA092401627C00EF58AA /* libGLAD.a */; };
		53F6EA0E24019D1200EF58AA /* DesktopInput.h in Headers */ = {isa = PBXBuildFile; fileRef = 53F6EA0D24019D1200EF58AA /* DesktopInput.h */; };
		53F6EA1324019E8700EF58AA /* MacInput.cpp in Sources */ = {isa = PBXBuildFile; fileRef = 53F6EA1124019E8700EF58AA /* MacInput.cpp */; };
		53F6EA1424019E8700EF58AA /* MacInput.h in Headers */ = {isa = PBXBuildFile; fileRef = 53F6EA1224019E8700EF58AA /* MacInput.h */; };
		53F6EA162401AF3A00EF58AA /* KeyCodes.h in Headers */ = {isa = PBXBuildFile; fileRef = 53F6EA152401AF3A00EF58AA /* KeyCodes.h */; };
		53F6EA182401AFB600EF58AA /* MouseButtonCodes.h in Headers */ = {isa = PBXBuildFile; fileRef = 53F6EA172401AFB300EF58AA /* MouseButtonCodes.h */; };
		53F704F1241D5F4B00608BAA /* stb_image.h in Headers */ = {isa = PBXBuildFile; fileRef = 53F704EF241D5F4B00608BAA /* stb_image.h */; };
		53F704F2241D5F4B00608BAA /* stb_image.cpp in Sources */ = {isa = PBXBuildFile; fileRef = 53F704F0241D5F4B00608BAA /* stb_image.cpp */; };
		53F704F9241D615700608BAA /* test.h in Headers */ = {isa = PBXBuildFile; fileRef = 53F704F7241D615700608BAA /* test.h */; };
		53F704FA241D615700608BAA /* test.cpp in Sources */ = {isa = PBXBuildFile; fileRef = 53F704F8241D615700608BAA /* test.cpp */; };
/* End PBXBuildFile section */

/* Begin PBXFileReference section */
		530164EC239BF63800821B62 /* libglfw3.a */ = {isa = PBXFileReference; lastKnownFileType = archive.ar; name = libglfw3.a; path = "vendor/glfw-build/src/libglfw3.a"; sourceTree = "<group>"; };
		530164F1239BF91A00821B62 /* Window.h */ = {isa = PBXFileReference; lastKnownFileType = sourcecode.c.h; path = Window.h; sourceTree = "<group>"; };
		530164F6239C134E00821B62 /* MacWindow.cpp */ = {isa = PBXFileReference; lastKnownFileType = sourcecode.cpp.cpp; path = MacWindow.cpp; sourceTree = "<group>"; };
		530164F7239C134E00821B62 /* MacWindow.h */ = {isa = PBXFileReference; lastKnownFileType = sourcecode.c.h; path = MacWindow.h; sourceTree = "<group>"; };
		53016504239C29F800821B62 /* OpenGL.framework */ = {isa = PBXFileReference; lastKnownFileType = wrapper.framework; name = OpenGL.framework; path = System/Library/Frameworks/OpenGL.framework; sourceTree = SDKROOT; };
		53016506239C29FF00821B62 /* Cocoa.framework */ = {isa = PBXFileReference; lastKnownFileType = wrapper.framework; name = Cocoa.framework; path = System/Library/Frameworks/Cocoa.framework; sourceTree = SDKROOT; };
		53016508239C2A4F00821B62 /* IOKit.framework */ = {isa = PBXFileReference; lastKnownFileType = wrapper.framework; name = IOKit.framework; path = System/Library/Frameworks/IOKit.framework; sourceTree = SDKROOT; };
		5301650A239C2A7200821B62 /* CoreVideo.framework */ = {isa = PBXFileReference; lastKnownFileType = wrapper.framework; name = CoreVideo.framework; path = System/Library/Frameworks/CoreVideo.framework; sourceTree = SDKROOT; };
		5312F9D4239B0E8C007B2CFC /* ulpch.pch */ = {isa = PBXFileReference; lastKnownFileType = sourcecode.c.h; path = ulpch.pch; sourceTree = "<group>"; };
		531C766F241685FF000A1EEC /* Constants.cpp */ = {isa = PBXFileReference; lastKnownFileType = sourcecode.cpp.cpp; path = Constants.cpp; sourceTree = "<group>"; };
		5323CDE9243A222B003BAEC0 /* Enums.cpp */ = {isa = PBXFileReference; lastKnownFileType = sourcecode.cpp.cpp; path = Enums.cpp; sourceTree = "<group>"; };
		5323CDEB243A226F003BAEC0 /* Extern.cpp */ = {isa = PBXFileReference; lastKnownFileType = sourcecode.cpp.cpp; path = Extern.cpp; sourceTree = "<group>"; };
		5323CDEC243A226F003BAEC0 /* Extern.h */ = {isa = PBXFileReference; lastKnownFileType = sourcecode.c.h; path = Extern.h; sourceTree = "<group>"; };
		5323CDEF243A22D1003BAEC0 /* Extern2.cpp */ = {isa = PBXFileReference; lastKnownFileType = sourcecode.cpp.cpp; path = Extern2.cpp; sourceTree = "<group>"; };
		5323CDF0243A22D1003BAEC0 /* Extern2.hpp */ = {isa = PBXFileReference; lastKnownFileType = sourcecode.cpp.h; path = Extern2.hpp; sourceTree = "<group>"; };
		5323CDF3243A2888003BAEC0 /* Static.cpp */ = {isa = PBXFileReference; lastKnownFileType = sourcecode.cpp.cpp; path = Static.cpp; sourceTree = "<group>"; };
		5323CDF5243A294B003BAEC0 /* Class.cpp */ = {isa = PBXFileReference; lastKnownFileType = sourcecode.cpp.cpp; path = Class.cpp; sourceTree = "<group>"; };
		5323CDF6243A294B003BAEC0 /* Class.hpp */ = {isa = PBXFileReference; lastKnownFileType = sourcecode.cpp.h; path = Class.hpp; sourceTree = "<group>"; };
		5323CDF9243A3157003BAEC0 /* interface.cpp */ = {isa = PBXFileReference; lastKnownFileType = sourcecode.cpp.cpp; path = interface.cpp; sourceTree = "<group>"; };
		5323CDFA243A3157003BAEC0 /* interface.hpp */ = {isa = PBXFileReference; lastKnownFileType = sourcecode.cpp.h; path = interface.hpp; sourceTree = "<group>"; };
		5323CDFD243A492F003BAEC0 /* Strings.cpp */ = {isa = PBXFileReference; lastKnownFileType = sourcecode.cpp.cpp; path = Strings.cpp; sourceTree = "<group>"; };
		5323CDFF243A511A003BAEC0 /* Const.cpp */ = {isa = PBXFileReference; lastKnownFileType = sourcecode.cpp.cpp; path = Const.cpp; sourceTree = "<group>"; };
		5323CE00243A511A003BAEC0 /* Const.hpp */ = {isa = PBXFileReference; lastKnownFileType = sourcecode.cpp.h; path = Const.hpp; sourceTree = "<group>"; };
		5323CE03243A5C98003BAEC0 /* Constructor.cpp */ = {isa = PBXFileReference; lastKnownFileType = sourcecode.cpp.cpp; path = Constructor.cpp; sourceTree = "<group>"; };
		5323CE04243A5C98003BAEC0 /* Constructor.hpp */ = {isa = PBXFileReference; lastKnownFileType = sourcecode.cpp.h; path = Constructor.hpp; sourceTree = "<group>"; };
		5323CE07243A63A4003BAEC0 /* Instantiation.cpp */ = {isa = PBXFileReference; lastKnownFileType = sourcecode.cpp.cpp; path = Instantiation.cpp; sourceTree = "<group>"; };
		5323CE09243A8692003BAEC0 /* Conversion.cpp */ = {isa = PBXFileReference; lastKnownFileType = sourcecode.cpp.cpp; path = Conversion.cpp; sourceTree = "<group>"; };
		5323CE0B243A892A003BAEC0 /* Operator.cpp */ = {isa = PBXFileReference; lastKnownFileType = sourcecode.cpp.cpp; path = Operator.cpp; sourceTree = "<group>"; };
		5323CE0D243A8DCE003BAEC0 /* This.cpp */ = {isa = PBXFileReference; lastKnownFileType = sourcecode.cpp.cpp; path = This.cpp; sourceTree = "<group>"; };
		5323CE0F243A98B5003BAEC0 /* Smart.cpp */ = {isa = PBXFileReference; lastKnownFileType = sourcecode.cpp.cpp; path = Smart.cpp; sourceTree = "<group>"; };
		5323CE11243A9A7D003BAEC0 /* Copy.cpp */ = {isa = PBXFileReference; lastKnownFileType = sourcecode.cpp.cpp; path = Copy.cpp; sourceTree = "<group>"; };
		5323CE1C243BCB8B003BAEC0 /* Arrow.cpp */ = {isa = PBXFileReference; lastKnownFileType = sourcecode.cpp.cpp; path = Arrow.cpp; sourceTree = "<group>"; };
		5323CE1E243BCE57003BAEC0 /* Vector.cpp */ = {isa = PBXFileReference; lastKnownFileType = sourcecode.cpp.cpp; path = Vector.cpp; sourceTree = "<group>"; };
		5323CE20243C6627003BAEC0 /* Tuple.cpp */ = {isa = PBXFileReference; lastKnownFileType = sourcecode.cpp.cpp; path = Tuple.cpp; sourceTree = "<group>"; };
		5323CE22243C6D87003BAEC0 /* Templates.cpp */ = {isa = PBXFileReference; lastKnownFileType = sourcecode.cpp.cpp; path = Templates.cpp; sourceTree = "<group>"; };
		5323CE24243CABC9003BAEC0 /* FPointers.cpp */ = {isa = PBXFileReference; lastKnownFileType = sourcecode.cpp.cpp; path = FPointers.cpp; sourceTree = "<group>"; };
		5323CE26243CAF7D003BAEC0 /* Lambda.cpp */ = {isa = PBXFileReference; lastKnownFileType = sourcecode.cpp.cpp; path = Lambda.cpp; sourceTree = "<group>"; };
		5323CE28243CB0D8003BAEC0 /* Threads.cpp */ = {isa = PBXFileReference; lastKnownFileType = sourcecode.cpp.cpp; path = Threads.cpp; sourceTree = "<group>"; };
		5323CE2A243CBEA9003BAEC0 /* Time.cpp */ = {isa = PBXFileReference; lastKnownFileType = sourcecode.cpp.cpp; path = Time.cpp; sourceTree = "<group>"; };
		5323CE2C243CC121003BAEC0 /* Sorting.cpp */ = {isa = PBXFileReference; lastKnownFileType = sourcecode.cpp.cpp; path = Sorting.cpp; sourceTree = "<group>"; };
		5323CE2E243CC352003BAEC0 /* TypePuning.cpp */ = {isa = PBXFileReference; lastKnownFileType = sourcecode.cpp.cpp; path = TypePuning.cpp; sourceTree = "<group>"; };
		5323CE30243CC74E003BAEC0 /* Unions.cpp */ = {isa = PBXFileReference; lastKnownFileType = sourcecode.cpp.cpp; path = Unions.cpp; sourceTree = "<group>"; };
		5323CE32243CCC94003BAEC0 /* Casting.cpp */ = {isa = PBXFileReference; lastKnownFileType = sourcecode.cpp.cpp; path = Casting.cpp; sourceTree = "<group>"; };
		53249A442419808300626E57 /* Textures.cpp */ = {isa = PBXFileReference; lastKnownFileType = sourcecode.cpp.cpp; path = Textures.cpp; sourceTree = "<group>"; };
		53249A462419B3D600626E57 /* Shaders.cpp */ = {isa = PBXFileReference; lastKnownFileType = sourcecode.cpp.cpp; path = Shaders.cpp; sourceTree = "<group>"; };
		53249A47241A25F500626E57 /* Lightning.cpp */ = {isa = PBXFileReference; lastKnownFileType = sourcecode.cpp.cpp; path = Lightning.cpp; sourceTree = "<group>"; };
		53249A48241AAAC600626E57 /* Anisantropic.cpp */ = {isa = PBXFileReference; lastKnownFileType = sourcecode.cpp.cpp; path = Anisantropic.cpp; sourceTree = "<group>"; };
		53492C86239A9BD5009E1076 /* ApplicationEvent.h */ = {isa = PBXFileReference; lastKnownFileType = sourcecode.c.h; path = ApplicationEvent.h; sourceTree = "<group>"; };
		53492C88239A9BE7009E1076 /* Event.h */ = {isa = PBXFileReference; lastKnownFileType = sourcecode.c.h; path = Event.h; sourceTree = "<group>"; };
		53492C8A239A9BFC009E1076 /* KeyEvent.h */ = {isa = PBXFileReference; lastKnownFileType = sourcecode.c.h; path = KeyEvent.h; sourceTree = "<group>"; };
		53492C8C239A9C12009E1076 /* MouseEvent.h */ = {isa = PBXFileReference; lastKnownFileType = sourcecode.c.h; path = MouseEvent.h; sourceTree = "<group>"; };
		5353FC3124450DAA005B88A6 /* libUralEngine IOS.dylib */ = {isa = PBXFileReference; explicitFileType = "compiled.mach-o.dylib"; includeInIndex = 0; path = "libUralEngine IOS.dylib"; sourceTree = BUILT_PRODUCTS_DIR; };
		535AD99D241D5ECC006AAD26 /* OpenGLShader.cpp */ = {isa = PBXFileReference; lastKnownFileType = sourcecode.cpp.cpp; path = OpenGLShader.cpp; sourceTree = "<group>"; };
		535AD99E241D5ECC006AAD26 /* OpenGLShader.h */ = {isa = PBXFileReference; lastKnownFileType = sourcecode.c.h; path = OpenGLShader.h; sourceTree = "<group>"; };
		535E5823241826AB007D8846 /* Primitives.cpp */ = {isa = PBXFileReference; lastKnownFileType = sourcecode.cpp.cpp; path = Primitives.cpp; sourceTree = "<group>"; };
		535E5825241827EE007D8846 /* PrimitiveShader.cpp */ = {isa = PBXFileReference; lastKnownFileType = sourcecode.cpp.cpp; path = PrimitiveShader.cpp; sourceTree = "<group>"; };
		535E582724183644007D8846 /* Blending.cpp */ = {isa = PBXFileReference; lastKnownFileType = sourcecode.cpp.cpp; path = Blending.cpp; sourceTree = "<group>"; };
		535E582924183C86007D8846 /* Antialiasing.cpp */ = {isa = PBXFileReference; lastKnownFileType = sourcecode.cpp.cpp; path = Antialiasing.cpp; sourceTree = "<group>"; };
		5360CEB323FD1CAD00D2F5DB /* OpenGLES.framework */ = {isa = PBXFileReference; lastKnownFileType = wrapper.framework; name = OpenGLES.framework; path = Platforms/iPhoneOS.platform/Developer/SDKs/iPhoneOS13.2.sdk/System/Library/Frameworks/OpenGLES.framework; sourceTree = DEVELOPER_DIR; };
		536F48A82445A7ED008DCDEB /* MobileEvent.h */ = {isa = PBXFileReference; lastKnownFileType = sourcecode.c.h; path = MobileEvent.h; sourceTree = "<group>"; };
		536F48AC2445AADD008DCDEB /* DesktopEvent.h */ = {isa = PBXFileReference; lastKnownFileType = sourcecode.c.h; path = DesktopEvent.h; sourceTree = "<group>"; };
		536F48B32445B00C008DCDEB /* DesktopApplication.cpp */ = {isa = PBXFileReference; lastKnownFileType = sourcecode.cpp.cpp; path = DesktopApplication.cpp; sourceTree = "<group>"; };
		536F48B42445B00C008DCDEB /* DesktopApplication.h */ = {isa = PBXFileReference; lastKnownFileType = sourcecode.c.h; path = DesktopApplication.h; sourceTree = "<group>"; };
		536F48B72445B0B6008DCDEB /* MobileApplication.cpp */ = {isa = PBXFileReference; lastKnownFileType = sourcecode.cpp.cpp; path = MobileApplication.cpp; sourceTree = "<group>"; };
		536F48B82445B0B6008DCDEB /* MobileApplication.h */ = {isa = PBXFileReference; lastKnownFileType = sourcecode.c.h; path = MobileApplication.h; sourceTree = "<group>"; };
		536F48BD2445B6BE008DCDEB /* RenderSpace.h */ = {isa = PBXFileReference; lastKnownFileType = sourcecode.c.h; path = RenderSpace.h; sourceTree = "<group>"; };
		536F48C02445B6D3008DCDEB /* Surface.h */ = {isa = PBXFileReference; lastKnownFileType = sourcecode.c.h; path = Surface.h; sourceTree = "<group>"; };
		536F48C92445CB89008DCDEB /* IOSSurface.cpp */ = {isa = PBXFileReference; lastKnownFileType = sourcecode.cpp.cpp; path = IOSSurface.cpp; sourceTree = "<group>"; };
		536F48CA2445CB89008DCDEB /* IOSSurface.h */ = {isa = PBXFileReference; lastKnownFileType = sourcecode.c.h; path = IOSSurface.h; sourceTree = "<group>"; };
		536F48CD2445CE5E008DCDEB /* IOSInput.cpp */ = {isa = PBXFileReference; lastKnownFileType = sourcecode.cpp.cpp; path = IOSInput.cpp; sourceTree = "<group>"; };
		536F48CE2445CE5E008DCDEB /* IOSInput.h */ = {isa = PBXFileReference; lastKnownFileType = sourcecode.c.h; path = IOSInput.h; sourceTree = "<group>"; };
		536F48D12445D4AD008DCDEB /* MobileEntryPoint.h */ = {isa = PBXFileReference; lastKnownFileType = sourcecode.c.h; path = MobileEntryPoint.h; sourceTree = "<group>"; };
		53722370239800D600312C05 /* Log.cpp */ = {isa = PBXFileReference; lastKnownFileType = sourcecode.cpp.cpp; path = Log.cpp; sourceTree = "<group>"; };
		53722371239800D600312C05 /* Log.h */ = {isa = PBXFileReference; lastKnownFileType = sourcecode.c.h; path = Log.h; sourceTree = "<group>"; };
		537F12A82392D7EF00369F57 /* EntryPoint.h */ = {isa = PBXFileReference; lastKnownFileType = sourcecode.c.h; path = EntryPoint.h; sourceTree = "<group>"; };
		537F12AC2393015F00369F57 /* Application.h */ = {isa = PBXFileReference; lastKnownFileType = sourcecode.c.h; path = Application.h; sourceTree = "<group>"; };
		537F12AF2393030400369F57 /* Core.h */ = {isa = PBXFileReference; lastKnownFileType = sourcecode.c.h; path = Core.h; sourceTree = "<group>"; };
		53A7908F2392AE1500E29426 /* libUralEngine.dylib */ = {isa = PBXFileReference; explicitFileType = "compiled.mach-o.dylib"; includeInIndex = 0; path = libUralEngine.dylib; sourceTree = BUILT_PRODUCTS_DIR; };
		53A790912392AE1500E29426 /* Ural.h */ = {isa = PBXFileReference; lastKnownFileType = sourcecode.c.h; path = Ural.h; sourceTree = "<group>"; };
		53ADA90D241D5AB100732268 /* working */ = {isa = PBXFileReference; lastKnownFileType = folder; path = working; sourceTree = "<group>"; };
		53D7964F240066A800D752C7 /* LayerStack.cpp */ = {isa = PBXFileReference; lastKnownFileType = sourcecode.cpp.cpp; path = LayerStack.cpp; sourceTree = "<group>"; };
		53D79650240066A800D752C7 /* LayerStack.h */ = {isa = PBXFileReference; lastKnownFileType = sourcecode.c.h; path = LayerStack.h; sourceTree = "<group>"; };
		53D79653240066B400D752C7 /* Layer.cpp */ = {isa = PBXFileReference; lastKnownFileType = sourcecode.cpp.cpp; path = Layer.cpp; sourceTree = "<group>"; };
		53D79654240066B400D752C7 /* Layer.h */ = {isa = PBXFileReference; lastKnownFileType = sourcecode.c.h; path = Layer.h; sourceTree = "<group>"; };
		53EDC1C92444F76A009E8291 /* MobileInput.h */ = {isa = PBXFileReference; lastKnownFileType = sourcecode.c.h; path = MobileInput.h; sourceTree = "<group>"; };
		53EDC1CC2444F852009E8291 /* OpenGLES.framework */ = {isa = PBXFileReference; lastKnownFileType = wrapper.framework; name = OpenGLES.framework; path = Platforms/iPhoneOS.platform/Developer/SDKs/iPhoneOS13.4.sdk/System/Library/Frameworks/OpenGLES.framework; sourceTree = DEVELOPER_DIR; };
		53EEBA782416C2FD006F8600 /* Errors.cpp */ = {isa = PBXFileReference; lastKnownFileType = sourcecode.cpp.cpp; path = Errors.cpp; sourceTree = "<group>"; };
		53EEBA792416C6CA006F8600 /* Extension.cpp */ = {isa = PBXFileReference; lastKnownFileType = sourcecode.cpp.cpp; path = Extension.cpp; sourceTree = "<group>"; };
		53EEBA7B2416CBA0006F8600 /* State.cpp */ = {isa = PBXFileReference; lastKnownFileType = sourcecode.cpp.cpp; path = State.cpp; sourceTree = "<group>"; };
		53EEBA7D2416D057006F8600 /* Commands.cpp */ = {isa = PBXFileReference; lastKnownFileType = sourcecode.cpp.cpp; path = Commands.cpp; sourceTree = "<group>"; };
		53EEBA7F2416DAE0006F8600 /* Draw.cpp */ = {isa = PBXFileReference; lastKnownFileType = sourcecode.cpp.cpp; path = Draw.cpp; sourceTree = "<group>"; };
		53F6E9FD240148DC00EF58AA /* libimgui.a */ = {isa = PBXFileReference; explicitFileType = archive.ar; path = libimgui.a; sourceTree = BUILT_PRODUCTS_DIR; };
		53F6EA002401497800EF58AA /* ImGuiLayer.cpp */ = {isa = PBXFileReference; lastKnownFileType = sourcecode.cpp.cpp; path = ImGuiLayer.cpp; sourceTree = "<group>"; };
		53F6EA012401497800EF58AA /* ImGuiLayer.h */ = {isa = PBXFileReference; lastKnownFileType = sourcecode.c.h; path = ImGuiLayer.h; sourceTree = "<group>"; };
		53F6EA0524014EC600EF58AA /* ImGuiOpenGLRenderer.cpp */ = {isa = PBXFileReference; fileEncoding = 4; lastKnownFileType = sourcecode.cpp.cpp; path = ImGuiOpenGLRenderer.cpp; sourceTree = "<group>"; };
		53F6EA0624014EC600EF58AA /* ImGuiOpenGLRenderer.h */ = {isa = PBXFileReference; fileEncoding = 4; lastKnownFileType = sourcecode.c.h; path = ImGuiOpenGLRenderer.h; sourceTree = "<group>"; };
		53F6EA092401627C00EF58AA /* libGLAD.a */ = {isa = PBXFileReference; explicitFileType = archive.ar; path = libGLAD.a; sourceTree = BUILT_PRODUCTS_DIR; };
		53F6EA0D24019D1200EF58AA /* DesktopInput.h */ = {isa = PBXFileReference; lastKnownFileType = sourcecode.c.h; path = DesktopInput.h; sourceTree = "<group>"; };
		53F6EA1124019E8700EF58AA /* MacInput.cpp */ = {isa = PBXFileReference; lastKnownFileType = sourcecode.cpp.cpp; path = MacInput.cpp; sourceTree = "<group>"; };
		53F6EA1224019E8700EF58AA /* MacInput.h */ = {isa = PBXFileReference; lastKnownFileType = sourcecode.c.h; path = MacInput.h; sourceTree = "<group>"; };
		53F6EA152401AF3A00EF58AA /* KeyCodes.h */ = {isa = PBXFileReference; lastKnownFileType = sourcecode.c.h; path = KeyCodes.h; sourceTree = "<group>"; };
		53F6EA172401AFB300EF58AA /* MouseButtonCodes.h */ = {isa = PBXFileReference; lastKnownFileType = sourcecode.c.h; path = MouseButtonCodes.h; sourceTree = "<group>"; };
		53F704EF241D5F4B00608BAA /* stb_image.h */ = {isa = PBXFileReference; fileEncoding = 4; lastKnownFileType = sourcecode.c.h; path = stb_image.h; sourceTree = "<group>"; };
		53F704F0241D5F4B00608BAA /* stb_image.cpp */ = {isa = PBXFileReference; fileEncoding = 4; lastKnownFileType = sourcecode.cpp.cpp; path = stb_image.cpp; sourceTree = "<group>"; };
		53F704F7241D615700608BAA /* test.h */ = {isa = PBXFileReference; lastKnownFileType = sourcecode.c.h; path = test.h; sourceTree = "<group>"; };
		53F704F8241D615700608BAA /* test.cpp */ = {isa = PBXFileReference; lastKnownFileType = sourcecode.cpp.cpp; path = test.cpp; sourceTree = "<group>"; };
/* End PBXFileReference section */

/* Begin PBXFrameworksBuildPhase section */
		5353FC2624450DAA005B88A6 /* Frameworks */ = {
			isa = PBXFrameworksBuildPhase;
			buildActionMask = 2147483647;
			files = (
				5353FC3224450E0B005B88A6 /* OpenGLES.framework in Frameworks */,
			);
			runOnlyForDeploymentPostprocessing = 0;
		};
		53A7908D2392AE1500E29426 /* Frameworks */ = {
			isa = PBXFrameworksBuildPhase;
			buildActionMask = 2147483647;
			files = (
				53F6EA0A2401627C00EF58AA /* libGLAD.a in Frameworks */,
				5301650B239C2A7200821B62 /* CoreVideo.framework in Frameworks */,
				53016509239C2A4F00821B62 /* IOKit.framework in Frameworks */,
				53016507239C29FF00821B62 /* Cocoa.framework in Frameworks */,
				53F6E9FE240148DC00EF58AA /* libimgui.a in Frameworks */,
				53016505239C29F800821B62 /* OpenGL.framework in Frameworks */,
				530164ED239BF68D00821B62 /* libglfw3.a in Frameworks */,
			);
			runOnlyForDeploymentPostprocessing = 0;
		};
/* End PBXFrameworksBuildPhase section */

/* Begin PBXGroup section */
		530164EF239BF8CD00821B62 /* Platform */ = {
			isa = PBXGroup;
			children = (
				53F6EA0424014E9100EF58AA /* OpenGL */,
				530164F5239BFF2700821B62 /* IOS */,
				530164F4239BFF2100821B62 /* Mac */,
				530164F3239BFF1500821B62 /* Win64 */,
			);
			path = Platform;
			sourceTree = "<group>";
		};
		530164F0239BF90300821B62 /* Window */ = {
			isa = PBXGroup;
			children = (
			);
			path = Window;
			sourceTree = "<group>";
		};
		530164F3239BFF1500821B62 /* Win64 */ = {
			isa = PBXGroup;
			children = (
			);
			path = Win64;
			sourceTree = "<group>";
		};
		530164F4239BFF2100821B62 /* Mac */ = {
			isa = PBXGroup;
			children = (
				530164F6239C134E00821B62 /* MacWindow.cpp */,
				530164F7239C134E00821B62 /* MacWindow.h */,
				53F6EA1124019E8700EF58AA /* MacInput.cpp */,
				53F6EA1224019E8700EF58AA /* MacInput.h */,
			);
			path = Mac;
			sourceTree = "<group>";
		};
		530164F5239BFF2700821B62 /* IOS */ = {
			isa = PBXGroup;
			children = (
				536F48CA2445CB89008DCDEB /* IOSSurface.h */,
				536F48C92445CB89008DCDEB /* IOSSurface.cpp */,
				536F48CD2445CE5E008DCDEB /* IOSInput.cpp */,
				536F48CE2445CE5E008DCDEB /* IOSInput.h */,
			);
			path = IOS;
			sourceTree = "<group>";
		};
		531C766E241685E4000A1EEC /* Super */ = {
			isa = PBXGroup;
			children = (
				531C766F241685FF000A1EEC /* Constants.cpp */,
				53EEBA782416C2FD006F8600 /* Errors.cpp */,
				53EEBA792416C6CA006F8600 /* Extension.cpp */,
				53EEBA7B2416CBA0006F8600 /* State.cpp */,
				53EEBA7D2416D057006F8600 /* Commands.cpp */,
				53EEBA7F2416DAE0006F8600 /* Draw.cpp */,
				535E5823241826AB007D8846 /* Primitives.cpp */,
				535E5825241827EE007D8846 /* PrimitiveShader.cpp */,
				535E582724183644007D8846 /* Blending.cpp */,
				535E582924183C86007D8846 /* Antialiasing.cpp */,
				53249A442419808300626E57 /* Textures.cpp */,
				53249A462419B3D600626E57 /* Shaders.cpp */,
				53249A47241A25F500626E57 /* Lightning.cpp */,
				53249A48241AAAC600626E57 /* Anisantropic.cpp */,
			);
			path = Super;
			sourceTree = "<group>";
		};
		5323CDE82438DCF2003BAEC0 /* C++ */ = {
			isa = PBXGroup;
			children = (
				5323CDE9243A222B003BAEC0 /* Enums.cpp */,
				5323CDEB243A226F003BAEC0 /* Extern.cpp */,
				5323CDEC243A226F003BAEC0 /* Extern.h */,
				5323CDEF243A22D1003BAEC0 /* Extern2.cpp */,
				5323CDF0243A22D1003BAEC0 /* Extern2.hpp */,
				5323CDF3243A2888003BAEC0 /* Static.cpp */,
				5323CDF5243A294B003BAEC0 /* Class.cpp */,
				5323CDF6243A294B003BAEC0 /* Class.hpp */,
				5323CDF9243A3157003BAEC0 /* interface.cpp */,
				5323CDFA243A3157003BAEC0 /* interface.hpp */,
				5323CDFD243A492F003BAEC0 /* Strings.cpp */,
				5323CDFF243A511A003BAEC0 /* Const.cpp */,
				5323CE00243A511A003BAEC0 /* Const.hpp */,
				5323CE03243A5C98003BAEC0 /* Constructor.cpp */,
				5323CE04243A5C98003BAEC0 /* Constructor.hpp */,
				5323CE07243A63A4003BAEC0 /* Instantiation.cpp */,
				5323CE09243A8692003BAEC0 /* Conversion.cpp */,
				5323CE0B243A892A003BAEC0 /* Operator.cpp */,
				5323CE0D243A8DCE003BAEC0 /* This.cpp */,
				5323CE0F243A98B5003BAEC0 /* Smart.cpp */,
				5323CE11243A9A7D003BAEC0 /* Copy.cpp */,
				5323CE1C243BCB8B003BAEC0 /* Arrow.cpp */,
				5323CE1E243BCE57003BAEC0 /* Vector.cpp */,
				5323CE20243C6627003BAEC0 /* Tuple.cpp */,
				5323CE22243C6D87003BAEC0 /* Templates.cpp */,
				5323CE24243CABC9003BAEC0 /* FPointers.cpp */,
				5323CE26243CAF7D003BAEC0 /* Lambda.cpp */,
				5323CE28243CB0D8003BAEC0 /* Threads.cpp */,
				5323CE2A243CBEA9003BAEC0 /* Time.cpp */,
				5323CE2C243CC121003BAEC0 /* Sorting.cpp */,
				5323CE2E243CC352003BAEC0 /* TypePuning.cpp */,
				5323CE30243CC74E003BAEC0 /* Unions.cpp */,
				5323CE32243CCC94003BAEC0 /* Casting.cpp */,
			);
			path = "C++";
			sourceTree = "<group>";
		};
		53492C85239A9BA5009E1076 /* Events */ = {
			isa = PBXGroup;
			children = (
				53492C88239A9BE7009E1076 /* Event.h */,
				53492C86239A9BD5009E1076 /* ApplicationEvent.h */,
				536F48B02445AC12008DCDEB /* Mobile */,
				536F48AF2445AC08008DCDEB /* Desktop */,
			);
			path = Events;
			sourceTree = "<group>";
		};
		536F48AF2445AC08008DCDEB /* Desktop */ = {
			isa = PBXGroup;
			children = (
				536F48AC2445AADD008DCDEB /* DesktopEvent.h */,
				53492C8A239A9BFC009E1076 /* KeyEvent.h */,
				53492C8C239A9C12009E1076 /* MouseEvent.h */,
			);
			path = Desktop;
			sourceTree = "<group>";
		};
		536F48B02445AC12008DCDEB /* Mobile */ = {
			isa = PBXGroup;
			children = (
				536F48A82445A7ED008DCDEB /* MobileEvent.h */,
			);
			path = Mobile;
			sourceTree = "<group>";
		};
		536F48B12445AFD1008DCDEB /* Desktop */ = {
			isa = PBXGroup;
			children = (
				537F12A82392D7EF00369F57 /* EntryPoint.h */,
				536F48B42445B00C008DCDEB /* DesktopApplication.h */,
				536F48B32445B00C008DCDEB /* DesktopApplication.cpp */,
			);
			path = Desktop;
			sourceTree = "<group>";
		};
		536F48B22445AFD8008DCDEB /* Mobile */ = {
			isa = PBXGroup;
			children = (
				536F48B82445B0B6008DCDEB /* MobileApplication.h */,
				536F48B72445B0B6008DCDEB /* MobileApplication.cpp */,
				536F48D12445D4AD008DCDEB /* MobileEntryPoint.h */,
			);
			path = Mobile;
			sourceTree = "<group>";
		};
		536F48BC2445B6A0008DCDEB /* RenderSpace */ = {
			isa = PBXGroup;
			children = (
				536F48BD2445B6BE008DCDEB /* RenderSpace.h */,
				530164F1239BF91A00821B62 /* Window.h */,
				536F48C02445B6D3008DCDEB /* Surface.h */,
			);
			path = RenderSpace;
			sourceTree = "<group>";
		};
		537F129B2392CBE700369F57 /* src */ = {
			isa = PBXGroup;
			children = (
				536F48BC2445B6A0008DCDEB /* RenderSpace */,
				53F6EA0C24019CEE00EF58AA /* Input */,
				53D7964E2400668300D752C7 /* Layers */,
				530164F0239BF90300821B62 /* Window */,
				530164EF239BF8CD00821B62 /* Platform */,
				53492C85239A9BA5009E1076 /* Events */,
				53BFD3F0239944E400A4D06D /* Log */,
				537F12A62392CF6800369F57 /* Ural */,
				53A790912392AE1500E29426 /* Ural.h */,
				5312F9D4239B0E8C007B2CFC /* ulpch.pch */,
			);
			path = src;
			sourceTree = "<group>";
		};
		537F12A62392CF6800369F57 /* Ural */ = {
			isa = PBXGroup;
			children = (
				537F12AF2393030400369F57 /* Core.h */,
				537F12AC2393015F00369F57 /* Application.h */,
				536F48B12445AFD1008DCDEB /* Desktop */,
				536F48B22445AFD8008DCDEB /* Mobile */,
			);
			path = Ural;
			sourceTree = "<group>";
		};
		53A790782392A17500E29426 = {
			isa = PBXGroup;
			children = (
				53F704EE241D5F4B00608BAA /* stb_image */,
				53F704ED241D5F3000608BAA /* mine */,
				53ADA90D241D5AB100732268 /* working */,
				531C766E241685E4000A1EEC /* Super */,
				53A790902392AE1500E29426 /* UralEngine */,
				53A790822392A17500E29426 /* Products */,
				53A790A92392C45800E29426 /* Frameworks */,
			);
			sourceTree = "<group>";
		};
		53A790822392A17500E29426 /* Products */ = {
			isa = PBXGroup;
			children = (
				53A7908F2392AE1500E29426 /* libUralEngine.dylib */,
				5353FC3124450DAA005B88A6 /* libUralEngine IOS.dylib */,
			);
			name = Products;
			sourceTree = "<group>";
		};
		53A790902392AE1500E29426 /* UralEngine */ = {
			isa = PBXGroup;
			children = (
				537F129B2392CBE700369F57 /* src */,
			);
			path = UralEngine;
			sourceTree = "<group>";
		};
		53A790A92392C45800E29426 /* Frameworks */ = {
			isa = PBXGroup;
			children = (
				53EDC1CC2444F852009E8291 /* OpenGLES.framework */,
				53F6EA092401627C00EF58AA /* libGLAD.a */,
				53F6E9FD240148DC00EF58AA /* libimgui.a */,
				5360CEB323FD1CAD00D2F5DB /* OpenGLES.framework */,
				5301650A239C2A7200821B62 /* CoreVideo.framework */,
				53016508239C2A4F00821B62 /* IOKit.framework */,
				53016506239C29FF00821B62 /* Cocoa.framework */,
				53016504239C29F800821B62 /* OpenGL.framework */,
				530164EC239BF63800821B62 /* libglfw3.a */,
			);
			name = Frameworks;
			sourceTree = "<group>";
		};
		53BFD3F0239944E400A4D06D /* Log */ = {
			isa = PBXGroup;
			children = (
				53722370239800D600312C05 /* Log.cpp */,
				53722371239800D600312C05 /* Log.h */,
			);
			path = Log;
			sourceTree = "<group>";
		};
		53D7964E2400668300D752C7 /* Layers */ = {
			isa = PBXGroup;
			children = (
				53F6E9FF2401495A00EF58AA /* imgui */,
				53D7964F240066A800D752C7 /* LayerStack.cpp */,
				53D79650240066A800D752C7 /* LayerStack.h */,
				53D79653240066B400D752C7 /* Layer.cpp */,
				53D79654240066B400D752C7 /* Layer.h */,
			);
			path = Layers;
			sourceTree = "<group>";
		};
		53F6E9FF2401495A00EF58AA /* imgui */ = {
			isa = PBXGroup;
			children = (
				53F6EA002401497800EF58AA /* ImGuiLayer.cpp */,
				53F6EA012401497800EF58AA /* ImGuiLayer.h */,
			);
			path = imgui;
			sourceTree = "<group>";
		};
		53F6EA0424014E9100EF58AA /* OpenGL */ = {
			isa = PBXGroup;
			children = (
				53F6EA0524014EC600EF58AA /* ImGuiOpenGLRenderer.cpp */,
				53F6EA0624014EC600EF58AA /* ImGuiOpenGLRenderer.h */,
			);
			path = OpenGL;
			sourceTree = "<group>";
		};
		53F6EA0C24019CEE00EF58AA /* Input */ = {
			isa = PBXGroup;
			children = (
				53F6EA0D24019D1200EF58AA /* DesktopInput.h */,
				53F6EA152401AF3A00EF58AA /* KeyCodes.h */,
				53F6EA172401AFB300EF58AA /* MouseButtonCodes.h */,
				53EDC1C92444F76A009E8291 /* MobileInput.h */,
			);
			path = Input;
			sourceTree = "<group>";
		};
		53F704ED241D5F3000608BAA /* mine */ = {
			isa = PBXGroup;
			children = (
				5323CDE82438DCF2003BAEC0 /* C++ */,
				535AD99D241D5ECC006AAD26 /* OpenGLShader.cpp */,
				535AD99E241D5ECC006AAD26 /* OpenGLShader.h */,
				53F704F7241D615700608BAA /* test.h */,
				53F704F8241D615700608BAA /* test.cpp */,
			);
			path = mine;
			sourceTree = "<group>";
		};
		53F704EE241D5F4B00608BAA /* stb_image */ = {
			isa = PBXGroup;
			children = (
				53F704EF241D5F4B00608BAA /* stb_image.h */,
				53F704F0241D5F4B00608BAA /* stb_image.cpp */,
			);
			path = stb_image;
			sourceTree = SOURCE_ROOT;
		};
/* End PBXGroup section */

/* Begin PBXHeadersBuildPhase section */
		5353FC0524450DAA005B88A6 /* Headers */ = {
			isa = PBXHeadersBuildPhase;
			buildActionMask = 2147483647;
			files = (
				5353FC0724450DAA005B88A6 /* Layer.h in Headers */,
				536F48AE2445ABF7008DCDEB /* MobileEvent.h in Headers */,
				5353FC0924450DAA005B88A6 /* Core.h in Headers */,
				536F48BB2445B148008DCDEB /* Application.h in Headers */,
				536F48C12445B6D3008DCDEB /* Surface.h in Headers */,
				536F48CC2445CB89008DCDEB /* IOSSurface.h in Headers */,
				5353FC0A24450DAA005B88A6 /* test.h in Headers */,
				5353FC0C24450DAA005B88A6 /* ulpch.pch in Headers */,
				5353FC0F24450DAA005B88A6 /* LayerStack.h in Headers */,
				5353FC1324450DAA005B88A6 /* Log.h in Headers */,
				536F48BA2445B0B6008DCDEB /* MobileApplication.h in Headers */,
				536F48A92445A885008DCDEB /* Event.h in Headers */,
				5353FC1624450DAA005B88A6 /* stb_image.h in Headers */,
				536F48D02445CE5E008DCDEB /* IOSInput.h in Headers */,
				5353FC3724450F30005B88A6 /* MobileInput.h in Headers */,
				536F48C82445C880008DCDEB /* RenderSpace.h in Headers */,
			);
			runOnlyForDeploymentPostprocessing = 0;
		};
		53A7908B2392AE1500E29426 /* Headers */ = {
			isa = PBXHeadersBuildPhase;
			buildActionMask = 2147483647;
			files = (
				53F6EA0E24019D1200EF58AA /* DesktopInput.h in Headers */,
				53D79656240066B400D752C7 /* Layer.h in Headers */,
				53F6EA162401AF3A00EF58AA /* KeyCodes.h in Headers */,
				537F12B02393030400369F57 /* Core.h in Headers */,
				53F704F9241D615700608BAA /* test.h in Headers */,
				53F6EA1424019E8700EF58AA /* MacInput.h in Headers */,
				536E7862239B145A00AD166E /* ulpch.pch in Headers */,
				53492C8D239A9C12009E1076 /* MouseEvent.h in Headers */,
				536F48AD2445AADD008DCDEB /* DesktopEvent.h in Headers */,
				53F6EA032401497800EF58AA /* ImGuiLayer.h in Headers */,
				536F48C72445C7F7008DCDEB /* RenderSpace.h in Headers */,
				53D79652240066A800D752C7 /* LayerStack.h in Headers */,
				537F12AE2393015F00369F57 /* Application.h in Headers */,
				5360CEC623FD1E7400D2F5DB /* Window.h in Headers */,
				53492C8B239A9BFC009E1076 /* KeyEvent.h in Headers */,
				536F48B62445B00C008DCDEB /* DesktopApplication.h in Headers */,
				53722373239800D600312C05 /* Log.h in Headers */,
				530164FF239C290600821B62 /* MacWindow.h in Headers */,
				53492C87239A9BD5009E1076 /* ApplicationEvent.h in Headers */,
				53F704F1241D5F4B00608BAA /* stb_image.h in Headers */,
				53F6EA182401AFB600EF58AA /* MouseButtonCodes.h in Headers */,
				53492C89239A9BE7009E1076 /* Event.h in Headers */,
				53F6EA0824014EC600EF58AA /* ImGuiOpenGLRenderer.h in Headers */,
			);
			runOnlyForDeploymentPostprocessing = 0;
		};
/* End PBXHeadersBuildPhase section */

/* Begin PBXNativeTarget section */
		5353FC0424450DAA005B88A6 /* UralEngine IOS */ = {
			isa = PBXNativeTarget;
			buildConfigurationList = 5353FC2E24450DAA005B88A6 /* Build configuration list for PBXNativeTarget "UralEngine IOS" */;
			buildPhases = (
				5353FC0524450DAA005B88A6 /* Headers */,
				5353FC1A24450DAA005B88A6 /* Sources */,
				5353FC2624450DAA005B88A6 /* Frameworks */,
			);
			buildRules = (
			);
			dependencies = (
			);
			name = "UralEngine IOS";
			productName = Ural;
			productReference = 5353FC3124450DAA005B88A6 /* libUralEngine IOS.dylib */;
			productType = "com.apple.product-type.library.dynamic";
		};
		53A7908E2392AE1500E29426 /* UralEngine */ = {
			isa = PBXNativeTarget;
			buildConfigurationList = 53A790972392AE1500E29426 /* Build configuration list for PBXNativeTarget "UralEngine" */;
			buildPhases = (
				53A7908B2392AE1500E29426 /* Headers */,
				53A7908C2392AE1500E29426 /* Sources */,
				53A7908D2392AE1500E29426 /* Frameworks */,
			);
			buildRules = (
			);
			dependencies = (
			);
			name = UralEngine;
			productName = Ural;
			productReference = 53A7908F2392AE1500E29426 /* libUralEngine.dylib */;
			productType = "com.apple.product-type.library.dynamic";
		};
/* End PBXNativeTarget section */

/* Begin PBXProject section */
		53A790792392A17500E29426 /* Project object */ = {
			isa = PBXProject;
			attributes = {
				LastUpgradeCheck = 1120;
				ORGANIZATIONNAME = "Кирилл Мезрин";
				TargetAttributes = {
					53A7908E2392AE1500E29426 = {
						CreatedOnToolsVersion = 11.2.1;
					};
				};
			};
			buildConfigurationList = 53A7907C2392A17500E29426 /* Build configuration list for PBXProject "UralEngine" */;
			compatibilityVersion = "Xcode 9.3";
			developmentRegion = en;
			hasScannedForEncodings = 0;
			knownRegions = (
				en,
				Base,
			);
			mainGroup = 53A790782392A17500E29426;
			productRefGroup = 53A790822392A17500E29426 /* Products */;
			projectDirPath = "";
			projectRoot = "";
			targets = (
				53A7908E2392AE1500E29426 /* UralEngine */,
				5353FC0424450DAA005B88A6 /* UralEngine IOS */,
			);
		};
/* End PBXProject section */

/* Begin PBXSourcesBuildPhase section */
		5353FC1A24450DAA005B88A6 /* Sources */ = {
			isa = PBXSourcesBuildPhase;
			buildActionMask = 2147483647;
			files = (
				536F48CF2445CE5E008DCDEB /* IOSInput.cpp in Sources */,
				5353FC1C24450DAA005B88A6 /* Log.cpp in Sources */,
				5353FC1F24450DAA005B88A6 /* test.cpp in Sources */,
				5353FC2124450DAA005B88A6 /* LayerStack.cpp in Sources */,
				5353FC2324450DAA005B88A6 /* stb_image.cpp in Sources */,
				536F48CB2445CB89008DCDEB /* IOSSurface.cpp in Sources */,
				536F48B92445B0B6008DCDEB /* MobileApplication.cpp in Sources */,
				5353FC2524450DAA005B88A6 /* Layer.cpp in Sources */,
			);
			runOnlyForDeploymentPostprocessing = 0;
		};
		53A7908C2392AE1500E29426 /* Sources */ = {
			isa = PBXSourcesBuildPhase;
			buildActionMask = 2147483647;
			files = (
				53F6EA022401497800EF58AA /* ImGuiLayer.cpp in Sources */,
				53722372239800D600312C05 /* Log.cpp in Sources */,
				53F6EA0724014EC600EF58AA /* ImGuiOpenGLRenderer.cpp in Sources */,
				53EDC1D22444F981009E8291 /* MacWindow.cpp in Sources */,
				53F704FA241D615700608BAA /* test.cpp in Sources */,
				53D79651240066A800D752C7 /* LayerStack.cpp in Sources */,
				53F704F2241D5F4B00608BAA /* stb_image.cpp in Sources */,
				53F6EA1324019E8700EF58AA /* MacInput.cpp in Sources */,
				53D79655240066B400D752C7 /* Layer.cpp in Sources */,
				536F48B52445B00C008DCDEB /* DesktopApplication.cpp in Sources */,
			);
			runOnlyForDeploymentPostprocessing = 0;
		};
/* End PBXSourcesBuildPhase section */

/* Begin XCBuildConfiguration section */
		5353FC2F24450DAA005B88A6 /* Debug */ = {
			isa = XCBuildConfiguration;
			buildSettings = {
				ALWAYS_SEARCH_USER_PATHS = YES;
				CLANG_CXX_LANGUAGE_STANDARD = "gnu++14";
				CLANG_WARN_DOCUMENTATION_COMMENTS = NO;
				CODE_SIGN_STYLE = Automatic;
				DEVELOPMENT_TEAM = 5CDN7636Z2;
				DYLIB_COMPATIBILITY_VERSION = 1;
				DYLIB_CURRENT_VERSION = 1;
				EXECUTABLE_PREFIX = lib;
				GCC_C_LANGUAGE_STANDARD = gnu11;
				GCC_ENABLE_CPP_EXCEPTIONS = YES;
				GCC_ENABLE_CPP_RTTI = YES;
				GCC_INCREASE_PRECOMPILED_HEADER_SHARING = YES;
				GCC_PRECOMPILE_PREFIX_HEADER = YES;
				GCC_PREFIX_HEADER = "$(SRCROOT)/$(PROJECT_NAME)/src/ulpch.pch";
				GCC_PREPROCESSOR_DEFINITIONS = (
					"UL_BUILD_DLYB=1",
					"DEBUG=1",
					"UL_PLATFORM_IOS=1",
					"UL_ENABLED_ASSERTS=1",
				);
				GCC_SYMBOLS_PRIVATE_EXTERN = YES;
				HEADER_SEARCH_PATHS = (
					"$(SRCROOT)/vendor/spdlog/include",
					"$(SRCROOT)/vendor/glm",
				);
				LIBRARY_SEARCH_PATHS = (
					"$(inherited)",
					"$(PROJECT_DIR)/vendor/glfw-build/src",
					"$(PROJECT_DIR)/vendor/GLAD/include/glad",
					"$(PROJECT_DIR)/Super",
				);
				PRODUCT_NAME = "$(TARGET_NAME)";
				SDKROOT = iphoneos;
				SKIP_INSTALL = YES;
				SUPPORTS_MACCATALYST = NO;
				TARGETED_DEVICE_FAMILY = "1,2";
				USER_HEADER_SEARCH_PATHS = "$(SRCROOT)/$(PROJECT_NAME)/src";
				VALID_ARCHS = "x86_64 i386";
			};
			name = Debug;
		};
		5353FC3024450DAA005B88A6 /* Release */ = {
			isa = XCBuildConfiguration;
			buildSettings = {
				ALWAYS_SEARCH_USER_PATHS = YES;
				CLANG_CXX_LANGUAGE_STANDARD = "gnu++14";
				CLANG_WARN_DOCUMENTATION_COMMENTS = NO;
				CODE_SIGN_STYLE = Automatic;
				DEVELOPMENT_TEAM = 5CDN7636Z2;
				DYLIB_COMPATIBILITY_VERSION = 1;
				DYLIB_CURRENT_VERSION = 1;
				EXECUTABLE_PREFIX = lib;
				GCC_C_LANGUAGE_STANDARD = gnu11;
				GCC_ENABLE_CPP_EXCEPTIONS = YES;
				GCC_ENABLE_CPP_RTTI = YES;
				GCC_INCREASE_PRECOMPILED_HEADER_SHARING = YES;
				GCC_PRECOMPILE_PREFIX_HEADER = YES;
				GCC_PREFIX_HEADER = "$(SRCROOT)/$(PROJECT_NAME)/src/ulpch.pch";
				GCC_PREPROCESSOR_DEFINITIONS = (
					"UL_BUILD_DLYB=1",
					"UL_PLATFORM_IOS=1",
				);
				GCC_SYMBOLS_PRIVATE_EXTERN = YES;
				HEADER_SEARCH_PATHS = (
					"$(SRCROOT)/vendor/spdlog/include",
					"$(SRCROOT)/vendor/glm",
				);
				LIBRARY_SEARCH_PATHS = (
					"$(inherited)",
					"$(PROJECT_DIR)/vendor/glfw-build/src",
					"$(PROJECT_DIR)/vendor/GLAD/include/glad",
					"$(PROJECT_DIR)/Super",
				);
				PRODUCT_NAME = "$(TARGET_NAME)";
				SDKROOT = iphoneos;
				SKIP_INSTALL = YES;
				SUPPORTS_MACCATALYST = NO;
				TARGETED_DEVICE_FAMILY = "1,2";
				USER_HEADER_SEARCH_PATHS = "$(SRCROOT)/$(PROJECT_NAME)/src";
				VALID_ARCHS = "x86_64 i386";
			};
			name = Release;
		};
		53A790862392A17500E29426 /* Debug */ = {
			isa = XCBuildConfiguration;
			buildSettings = {
				ALWAYS_SEARCH_USER_PATHS = NO;
				CLANG_ANALYZER_NONNULL = YES;
				CLANG_ANALYZER_NUMBER_OBJECT_CONVERSION = YES_AGGRESSIVE;
				CLANG_CXX_LANGUAGE_STANDARD = "c++17";
				CLANG_CXX_LIBRARY = "libc++";
				CLANG_ENABLE_MODULES = YES;
				CLANG_ENABLE_OBJC_ARC = YES;
				CLANG_ENABLE_OBJC_WEAK = YES;
				CLANG_WARN_BLOCK_CAPTURE_AUTORELEASING = YES;
				CLANG_WARN_BOOL_CONVERSION = YES;
				CLANG_WARN_COMMA = YES;
				CLANG_WARN_CONSTANT_CONVERSION = YES;
				CLANG_WARN_DEPRECATED_OBJC_IMPLEMENTATIONS = YES;
				CLANG_WARN_DIRECT_OBJC_ISA_USAGE = YES_ERROR;
				CLANG_WARN_DOCUMENTATION_COMMENTS = YES;
				CLANG_WARN_EMPTY_BODY = YES;
				CLANG_WARN_ENUM_CONVERSION = YES;
				CLANG_WARN_INFINITE_RECURSION = YES;
				CLANG_WARN_INT_CONVERSION = YES;
				CLANG_WARN_NON_LITERAL_NULL_CONVERSION = YES;
				CLANG_WARN_OBJC_IMPLICIT_RETAIN_SELF = YES;
				CLANG_WARN_OBJC_LITERAL_CONVERSION = YES;
				CLANG_WARN_OBJC_ROOT_CLASS = YES_ERROR;
				CLANG_WARN_RANGE_LOOP_ANALYSIS = YES;
				CLANG_WARN_STRICT_PROTOTYPES = YES;
				CLANG_WARN_SUSPICIOUS_MOVE = YES;
				CLANG_WARN_UNGUARDED_AVAILABILITY = YES_AGGRESSIVE;
				CLANG_WARN_UNREACHABLE_CODE = YES;
				CLANG_WARN__DUPLICATE_METHOD_MATCH = YES;
				COPY_PHASE_STRIP = NO;
				DEBUG_INFORMATION_FORMAT = dwarf;
				ENABLE_STRICT_OBJC_MSGSEND = YES;
				ENABLE_TESTABILITY = YES;
				FRAMEWORK_SEARCH_PATHS = "";
				GCC_C_LANGUAGE_STANDARD = c11;
				GCC_DYNAMIC_NO_PIC = NO;
				GCC_NO_COMMON_BLOCKS = YES;
				GCC_OPTIMIZATION_LEVEL = 0;
				GCC_PREPROCESSOR_DEFINITIONS = (
					"DEBUG=1",
					"$(inherited)",
				);
				GCC_WARN_64_TO_32_BIT_CONVERSION = YES;
				GCC_WARN_ABOUT_RETURN_TYPE = YES_ERROR;
				GCC_WARN_UNDECLARED_SELECTOR = YES;
				GCC_WARN_UNINITIALIZED_AUTOS = YES_AGGRESSIVE;
				GCC_WARN_UNUSED_FUNCTION = YES;
				GCC_WARN_UNUSED_VARIABLE = YES;
				HEADER_SEARCH_PATHS = "$(SRCROOT)/vendor/spdlog/include";
				LIBRARY_SEARCH_PATHS = "";
				MACOSX_DEPLOYMENT_TARGET = 10.14;
				MTL_ENABLE_DEBUG_INFO = INCLUDE_SOURCE;
				MTL_FAST_MATH = YES;
				ONLY_ACTIVE_ARCH = YES;
				SDKROOT = macosx;
				SYMROOT = build;
				USER_HEADER_SEARCH_PATHS = "";
				USE_HEADERMAP = YES;
				VALID_ARCHS = x86_64;
			};
			name = Debug;
		};
		53A790872392A17500E29426 /* Release */ = {
			isa = XCBuildConfiguration;
			buildSettings = {
				ALWAYS_SEARCH_USER_PATHS = NO;
				CLANG_ANALYZER_NONNULL = YES;
				CLANG_ANALYZER_NUMBER_OBJECT_CONVERSION = YES_AGGRESSIVE;
				CLANG_CXX_LANGUAGE_STANDARD = "c++17";
				CLANG_CXX_LIBRARY = "libc++";
				CLANG_ENABLE_MODULES = YES;
				CLANG_ENABLE_OBJC_ARC = YES;
				CLANG_ENABLE_OBJC_WEAK = YES;
				CLANG_WARN_BLOCK_CAPTURE_AUTORELEASING = YES;
				CLANG_WARN_BOOL_CONVERSION = YES;
				CLANG_WARN_COMMA = YES;
				CLANG_WARN_CONSTANT_CONVERSION = YES;
				CLANG_WARN_DEPRECATED_OBJC_IMPLEMENTATIONS = YES;
				CLANG_WARN_DIRECT_OBJC_ISA_USAGE = YES_ERROR;
				CLANG_WARN_DOCUMENTATION_COMMENTS = YES;
				CLANG_WARN_EMPTY_BODY = YES;
				CLANG_WARN_ENUM_CONVERSION = YES;
				CLANG_WARN_INFINITE_RECURSION = YES;
				CLANG_WARN_INT_CONVERSION = YES;
				CLANG_WARN_NON_LITERAL_NULL_CONVERSION = YES;
				CLANG_WARN_OBJC_IMPLICIT_RETAIN_SELF = YES;
				CLANG_WARN_OBJC_LITERAL_CONVERSION = YES;
				CLANG_WARN_OBJC_ROOT_CLASS = YES_ERROR;
				CLANG_WARN_RANGE_LOOP_ANALYSIS = YES;
				CLANG_WARN_STRICT_PROTOTYPES = YES;
				CLANG_WARN_SUSPICIOUS_MOVE = YES;
				CLANG_WARN_UNGUARDED_AVAILABILITY = YES_AGGRESSIVE;
				CLANG_WARN_UNREACHABLE_CODE = YES;
				CLANG_WARN__DUPLICATE_METHOD_MATCH = YES;
				COPY_PHASE_STRIP = NO;
				DEBUG_INFORMATION_FORMAT = "dwarf-with-dsym";
				ENABLE_NS_ASSERTIONS = NO;
				ENABLE_STRICT_OBJC_MSGSEND = YES;
				FRAMEWORK_SEARCH_PATHS = "";
				GCC_C_LANGUAGE_STANDARD = c11;
				GCC_NO_COMMON_BLOCKS = YES;
				GCC_WARN_64_TO_32_BIT_CONVERSION = YES;
				GCC_WARN_ABOUT_RETURN_TYPE = YES_ERROR;
				GCC_WARN_UNDECLARED_SELECTOR = YES;
				GCC_WARN_UNINITIALIZED_AUTOS = YES_AGGRESSIVE;
				GCC_WARN_UNUSED_FUNCTION = YES;
				GCC_WARN_UNUSED_VARIABLE = YES;
				HEADER_SEARCH_PATHS = "$(SRCROOT)/vendor/spdlog/include";
				LIBRARY_SEARCH_PATHS = "";
				MACOSX_DEPLOYMENT_TARGET = 10.14;
				MTL_ENABLE_DEBUG_INFO = NO;
				MTL_FAST_MATH = YES;
				SDKROOT = macosx;
				SYMROOT = build;
				USER_HEADER_SEARCH_PATHS = "";
				USE_HEADERMAP = YES;
				VALID_ARCHS = x86_64;
			};
			name = Release;
		};
		53A790982392AE1500E29426 /* Debug */ = {
			isa = XCBuildConfiguration;
			buildSettings = {
				ALWAYS_SEARCH_USER_PATHS = YES;
				CLANG_CXX_LANGUAGE_STANDARD = "gnu++17";
				CLANG_CXX_LIBRARY = "libc++";
				CLANG_WARN_DOCUMENTATION_COMMENTS = NO;
				CODE_SIGN_STYLE = Automatic;
				DEVELOPMENT_TEAM = 5CDN7636Z2;
				DYLIB_COMPATIBILITY_VERSION = 1;
				DYLIB_CURRENT_VERSION = 1;
				EXECUTABLE_PREFIX = lib;
				GCC_C_LANGUAGE_STANDARD = gnu11;
				GCC_ENABLE_CPP_EXCEPTIONS = YES;
				GCC_ENABLE_CPP_RTTI = YES;
				GCC_INCREASE_PRECOMPILED_HEADER_SHARING = YES;
				GCC_PRECOMPILE_PREFIX_HEADER = YES;
				GCC_PREFIX_HEADER = "$(SRCROOT)/$(PROJECT_NAME)/src/ulpch.pch";
				GCC_PREPROCESSOR_DEFINITIONS = (
					"UL_BUILD_DLYB=1",
					"DEBUG=1",
					"UL_PLATFORM_MAC=1",
					"UL_ENABLED_ASSERTS=1",
				);
				GCC_SYMBOLS_PRIVATE_EXTERN = YES;
				HEADER_SEARCH_PATHS = (
					"$(SRCROOT)/vendor/spdlog/include",
					"$(SRCROOT)/vendor/glfw/include",
					"$(SRCROOT)/vendor/GLAD/include",
					"$(SRCROOT)/vendor/imgui",
					"$(SRCROOT)/vendor/glm",
				);
				LIBRARY_SEARCH_PATHS = (
					"$(inherited)",
					"$(PROJECT_DIR)/vendor/glfw-build/src",
					"$(PROJECT_DIR)/vendor/GLAD/include/glad",
					"$(PROJECT_DIR)/Super",
				);
				PRODUCT_NAME = "$(TARGET_NAME)";
				SKIP_INSTALL = YES;
				USER_HEADER_SEARCH_PATHS = "$(SRCROOT)/$(PROJECT_NAME)/src";
			};
			name = Debug;
		};
		53A790992392AE1500E29426 /* Release */ = {
			isa = XCBuildConfiguration;
			buildSettings = {
				ALWAYS_SEARCH_USER_PATHS = YES;
				CLANG_CXX_LANGUAGE_STANDARD = "gnu++17";
				CLANG_CXX_LIBRARY = "libc++";
				CLANG_WARN_DOCUMENTATION_COMMENTS = NO;
				CODE_SIGN_STYLE = Automatic;
				DEVELOPMENT_TEAM = 5CDN7636Z2;
				DYLIB_COMPATIBILITY_VERSION = 1;
				DYLIB_CURRENT_VERSION = 1;
				EXECUTABLE_PREFIX = lib;
				GCC_C_LANGUAGE_STANDARD = gnu11;
				GCC_ENABLE_CPP_EXCEPTIONS = YES;
				GCC_ENABLE_CPP_RTTI = YES;
				GCC_INCREASE_PRECOMPILED_HEADER_SHARING = YES;
				GCC_PRECOMPILE_PREFIX_HEADER = YES;
				GCC_PREFIX_HEADER = "$(SRCROOT)/$(PROJECT_NAME)/src/ulpch.pch";
				GCC_PREPROCESSOR_DEFINITIONS = (
					"UL_BUILD_DLYB=1",
					"UL_PLATFORM_MAC=1",
				);
				GCC_SYMBOLS_PRIVATE_EXTERN = YES;
				HEADER_SEARCH_PATHS = (
					"$(SRCROOT)/vendor/spdlog/include",
					"$(SRCROOT)/vendor/glfw/include",
					"$(SRCROOT)/vendor/GLAD/include",
					"$(SRCROOT)/vendor/imgui",
					"$(SRCROOT)/vendor/glm",
				);
				LIBRARY_SEARCH_PATHS = (
					"$(inherited)",
					"$(PROJECT_DIR)/vendor/glfw-build/src",
					"$(PROJECT_DIR)/vendor/GLAD/include/glad",
					"$(PROJECT_DIR)/Super",
				);
				PRODUCT_NAME = "$(TARGET_NAME)";
				SKIP_INSTALL = YES;
				USER_HEADER_SEARCH_PATHS = "$(SRCROOT)/$(PROJECT_NAME)/src";
			};
			name = Release;
		};
/* End XCBuildConfiguration section */

/* Begin XCConfigurationList section */
		5353FC2E24450DAA005B88A6 /* Build configuration list for PBXNativeTarget "UralEngine IOS" */ = {
			isa = XCConfigurationList;
			buildConfigurations = (
				5353FC2F24450DAA005B88A6 /* Debug */,
				5353FC3024450DAA005B88A6 /* Release */,
			);
			defaultConfigurationIsVisible = 0;
			defaultConfigurationName = Release;
		};
		53A7907C2392A17500E29426 /* Build configuration list for PBXProject "UralEngine" */ = {
			isa = XCConfigurationList;
			buildConfigurations = (
				53A790862392A17500E29426 /* Debug */,
				53A790872392A17500E29426 /* Release */,
			);
			defaultConfigurationIsVisible = 0;
			defaultConfigurationName = Release;
		};
		53A790972392AE1500E29426 /* Build configuration list for PBXNativeTarget "UralEngine" */ = {
			isa = XCConfigurationList;
			buildConfigurations = (
				53A790982392AE1500E29426 /* Debug */,
				53A790992392AE1500E29426 /* Release */,
			);
			defaultConfigurationIsVisible = 0;
			defaultConfigurationName = Release;
		};
/* End XCConfigurationList section */
	};
	rootObject = 53A790792392A17500E29426 /* Project object */;
}
